// !$*UTF8*$!
{
	archiveVersion = 1;
	classes = {
	};
	objectVersion = 46;
	objects = {

/* Begin PBXBuildFile section */
		1968B84F18F78678000D689B /* Foundation.framework in Frameworks */ = {isa = PBXBuildFile; fileRef = 1968B84E18F78678000D689B /* Foundation.framework */; };
		1968B85118F78678000D689B /* CoreGraphics.framework in Frameworks */ = {isa = PBXBuildFile; fileRef = 1968B85018F78678000D689B /* CoreGraphics.framework */; };
		1968B85318F78678000D689B /* UIKit.framework in Frameworks */ = {isa = PBXBuildFile; fileRef = 1968B85218F78678000D689B /* UIKit.framework */; };
		1968B85518F78678000D689B /* SpriteKit.framework in Frameworks */ = {isa = PBXBuildFile; fileRef = 1968B85418F78678000D689B /* SpriteKit.framework */; };
		1968B85B18F78678000D689B /* InfoPlist.strings in Resources */ = {isa = PBXBuildFile; fileRef = 1968B85918F78678000D689B /* InfoPlist.strings */; };
		1968B85D18F78678000D689B /* main.m in Sources */ = {isa = PBXBuildFile; fileRef = 1968B85C18F78678000D689B /* main.m */; };
		1968B86118F78678000D689B /* AppDelegate.m in Sources */ = {isa = PBXBuildFile; fileRef = 1968B86018F78678000D689B /* AppDelegate.m */; };
		1968B86E18F78679000D689B /* Images.xcassets in Resources */ = {isa = PBXBuildFile; fileRef = 1968B86D18F78679000D689B /* Images.xcassets */; };
		198EBC121908067B0046E54D /* GameOverScene.m in Sources */ = {isa = PBXBuildFile; fileRef = 198EBC0D1908067B0046E54D /* GameOverScene.m */; };
		198EBC131908067B0046E54D /* PlaneScene.m in Sources */ = {isa = PBXBuildFile; fileRef = 198EBC0F1908067B0046E54D /* PlaneScene.m */; };
		198EBC141908067B0046E54D /* PlaneViewController.m in Sources */ = {isa = PBXBuildFile; fileRef = 198EBC111908067B0046E54D /* PlaneViewController.m */; };
		198EBC19190806820046E54D /* RootViewController.m in Sources */ = {isa = PBXBuildFile; fileRef = 198EBC16190806820046E54D /* RootViewController.m */; };
		198EBC1A190806820046E54D /* SnakeScene.m in Sources */ = {isa = PBXBuildFile; fileRef = 198EBC18190806820046E54D /* SnakeScene.m */; };
		198EBC20190807440046E54D /* battery.png in Resources */ = {isa = PBXBuildFile; fileRef = 198EBC1D190807440046E54D /* battery.png */; };
		198EBC21190807440046E54D /* bomb.jpg in Resources */ = {isa = PBXBuildFile; fileRef = 198EBC1E190807440046E54D /* bomb.jpg */; };
		198EBC22190807440046E54D /* plane.jpg in Resources */ = {isa = PBXBuildFile; fileRef = 198EBC1F190807440046E54D /* plane.jpg */; };
/* End PBXBuildFile section */

/* Begin PBXFileReference section */
		1968B84B18F78678000D689B /* CrazySnake.app */ = {isa = PBXFileReference; explicitFileType = wrapper.application; includeInIndex = 0; path = CrazySnake.app; sourceTree = BUILT_PRODUCTS_DIR; };
		1968B84E18F78678000D689B /* Foundation.framework */ = {isa = PBXFileReference; lastKnownFileType = wrapper.framework; name = Foundation.framework; path = System/Library/Frameworks/Foundation.framework; sourceTree = SDKROOT; };
		1968B85018F78678000D689B /* CoreGraphics.framework */ = {isa = PBXFileReference; lastKnownFileType = wrapper.framework; name = CoreGraphics.framework; path = System/Library/Frameworks/CoreGraphics.framework; sourceTree = SDKROOT; };
		1968B85218F78678000D689B /* UIKit.framework */ = {isa = PBXFileReference; lastKnownFileType = wrapper.framework; name = UIKit.framework; path = System/Library/Frameworks/UIKit.framework; sourceTree = SDKROOT; };
		1968B85418F78678000D689B /* SpriteKit.framework */ = {isa = PBXFileReference; lastKnownFileType = wrapper.framework; name = SpriteKit.framework; path = System/Library/Frameworks/SpriteKit.framework; sourceTree = SDKROOT; };
		1968B85818F78678000D689B /* CrazySnake-Info.plist */ = {isa = PBXFileReference; lastKnownFileType = text.plist.xml; path = "CrazySnake-Info.plist"; sourceTree = "<group>"; };
		1968B85A18F78678000D689B /* en */ = {isa = PBXFileReference; lastKnownFileType = text.plist.strings; name = en; path = en.lproj/InfoPlist.strings; sourceTree = "<group>"; };
		1968B85C18F78678000D689B /* main.m */ = {isa = PBXFileReference; lastKnownFileType = sourcecode.c.objc; path = main.m; sourceTree = "<group>"; };
		1968B85E18F78678000D689B /* CrazySnake-Prefix.pch */ = {isa = PBXFileReference; lastKnownFileType = sourcecode.c.h; path = "CrazySnake-Prefix.pch"; sourceTree = "<group>"; };
		1968B85F18F78678000D689B /* AppDelegate.h */ = {isa = PBXFileReference; lastKnownFileType = sourcecode.c.h; path = AppDelegate.h; sourceTree = "<group>"; };
		1968B86018F78678000D689B /* AppDelegate.m */ = {isa = PBXFileReference; lastKnownFileType = sourcecode.c.objc; path = AppDelegate.m; sourceTree = "<group>"; };
		1968B86D18F78679000D689B /* Images.xcassets */ = {isa = PBXFileReference; lastKnownFileType = folder.assetcatalog; path = Images.xcassets; sourceTree = "<group>"; };
		1968B87418F78679000D689B /* XCTest.framework */ = {isa = PBXFileReference; lastKnownFileType = wrapper.framework; name = XCTest.framework; path = Library/Frameworks/XCTest.framework; sourceTree = DEVELOPER_DIR; };
		198EBC0C1908067B0046E54D /* GameOverScene.h */ = {isa = PBXFileReference; fileEncoding = 4; lastKnownFileType = sourcecode.c.h; name = GameOverScene.h; path = CrazySnake/Plane/GameOverScene.h; sourceTree = "<group>"; };
		198EBC0D1908067B0046E54D /* GameOverScene.m */ = {isa = PBXFileReference; fileEncoding = 4; lastKnownFileType = sourcecode.c.objc; name = GameOverScene.m; path = CrazySnake/Plane/GameOverScene.m; sourceTree = "<group>"; };
		198EBC0E1908067B0046E54D /* PlaneScene.h */ = {isa = PBXFileReference; fileEncoding = 4; lastKnownFileType = sourcecode.c.h; name = PlaneScene.h; path = CrazySnake/Plane/PlaneScene.h; sourceTree = "<group>"; };
		198EBC0F1908067B0046E54D /* PlaneScene.m */ = {isa = PBXFileReference; fileEncoding = 4; lastKnownFileType = sourcecode.c.objc; name = PlaneScene.m; path = CrazySnake/Plane/PlaneScene.m; sourceTree = "<group>"; };
		198EBC101908067B0046E54D /* PlaneViewController.h */ = {isa = PBXFileReference; fileEncoding = 4; lastKnownFileType = sourcecode.c.h; name = PlaneViewController.h; path = CrazySnake/Plane/PlaneViewController.h; sourceTree = "<group>"; };
		198EBC111908067B0046E54D /* PlaneViewController.m */ = {isa = PBXFileReference; fileEncoding = 4; lastKnownFileType = sourcecode.c.objc; name = PlaneViewController.m; path = CrazySnake/Plane/PlaneViewController.m; sourceTree = "<group>"; };
		198EBC15190806820046E54D /* RootViewController.h */ = {isa = PBXFileReference; fileEncoding = 4; lastKnownFileType = sourcecode.c.h; name = RootViewController.h; path = Snake/RootViewController.h; sourceTree = "<group>"; };
		198EBC16190806820046E54D /* RootViewController.m */ = {isa = PBXFileReference; fileEncoding = 4; lastKnownFileType = sourcecode.c.objc; name = RootViewController.m; path = Snake/RootViewController.m; sourceTree = "<group>"; };
		198EBC17190806820046E54D /* SnakeScene.h */ = {isa = PBXFileReference; fileEncoding = 4; lastKnownFileType = sourcecode.c.h; name = SnakeScene.h; path = Snake/SnakeScene.h; sourceTree = "<group>"; };
		198EBC18190806820046E54D /* SnakeScene.m */ = {isa = PBXFileReference; fileEncoding = 4; lastKnownFileType = sourcecode.c.objc; name = SnakeScene.m; path = Snake/SnakeScene.m; sourceTree = "<group>"; };
		198EBC1D190807440046E54D /* battery.png */ = {isa = PBXFileReference; lastKnownFileType = image.png; name = battery.png; path = Resource/Plane/battery.png; sourceTree = SOURCE_ROOT; };
		198EBC1E190807440046E54D /* bomb.jpg */ = {isa = PBXFileReference; lastKnownFileType = image.jpeg; name = bomb.jpg; path = Resource/Plane/bomb.jpg; sourceTree = SOURCE_ROOT; };
		198EBC1F190807440046E54D /* plane.jpg */ = {isa = PBXFileReference; lastKnownFileType = image.jpeg; name = plane.jpg; path = Resource/Plane/plane.jpg; sourceTree = SOURCE_ROOT; };
/* End PBXFileReference section */

/* Begin PBXFrameworksBuildPhase section */
		1968B84818F78678000D689B /* Frameworks */ = {
			isa = PBXFrameworksBuildPhase;
			buildActionMask = 2147483647;
			files = (
				1968B85118F78678000D689B /* CoreGraphics.framework in Frameworks */,
				1968B85318F78678000D689B /* UIKit.framework in Frameworks */,
				1968B85518F78678000D689B /* SpriteKit.framework in Frameworks */,
				1968B84F18F78678000D689B /* Foundation.framework in Frameworks */,
			);
			runOnlyForDeploymentPostprocessing = 0;
		};
/* End PBXFrameworksBuildPhase section */

/* Begin PBXGroup section */
		1968B84218F78678000D689B = {
			isa = PBXGroup;
			children = (
				1968B85618F78678000D689B /* CrazySnake */,
				198EBC1B1908071C0046E54D /* Resource */,
				1968B84D18F78678000D689B /* Frameworks */,
				1968B84C18F78678000D689B /* Products */,
			);
			sourceTree = "<group>";
		};
		1968B84C18F78678000D689B /* Products */ = {
			isa = PBXGroup;
			children = (
				1968B84B18F78678000D689B /* CrazySnake.app */,
			);
			name = Products;
			sourceTree = "<group>";
		};
		1968B84D18F78678000D689B /* Frameworks */ = {
			isa = PBXGroup;
			children = (
				1968B84E18F78678000D689B /* Foundation.framework */,
				1968B85018F78678000D689B /* CoreGraphics.framework */,
				1968B85218F78678000D689B /* UIKit.framework */,
				1968B85418F78678000D689B /* SpriteKit.framework */,
				1968B87418F78679000D689B /* XCTest.framework */,
			);
			name = Frameworks;
			sourceTree = "<group>";
		};
		1968B85618F78678000D689B /* CrazySnake */ = {
			isa = PBXGroup;
			children = (
				1968B85718F78678000D689B /* Supporting Files */,
				1968B85F18F78678000D689B /* AppDelegate.h */,
				1968B86018F78678000D689B /* AppDelegate.m */,
				198EBC0A1908052A0046E54D /* Snake */,
				198EBC0B190806230046E54D /* Plane */,
			);
			path = CrazySnake;
			sourceTree = "<group>";
		};
		1968B85718F78678000D689B /* Supporting Files */ = {
			isa = PBXGroup;
			children = (
				1968B86D18F78679000D689B /* Images.xcassets */,
				1968B85818F78678000D689B /* CrazySnake-Info.plist */,
				1968B85918F78678000D689B /* InfoPlist.strings */,
				1968B85C18F78678000D689B /* main.m */,
				1968B85E18F78678000D689B /* CrazySnake-Prefix.pch */,
			);
			name = "Supporting Files";
			sourceTree = "<group>";
		};
		198EBC0A1908052A0046E54D /* Snake */ = {
			isa = PBXGroup;
			children = (
				198EBC15190806820046E54D /* RootViewController.h */,
				198EBC16190806820046E54D /* RootViewController.m */,
				198EBC17190806820046E54D /* SnakeScene.h */,
				198EBC18190806820046E54D /* SnakeScene.m */,
			);
			name = Snake;
			sourceTree = "<group>";
		};
		198EBC0B190806230046E54D /* Plane */ = {
			isa = PBXGroup;
			children = (
				198EBC101908067B0046E54D /* PlaneViewController.h */,
				198EBC111908067B0046E54D /* PlaneViewController.m */,
				198EBC0E1908067B0046E54D /* PlaneScene.h */,
				198EBC0F1908067B0046E54D /* PlaneScene.m */,
				198EBC0C1908067B0046E54D /* GameOverScene.h */,
				198EBC0D1908067B0046E54D /* GameOverScene.m */,
			);
			name = Plane;
			path = ..;
			sourceTree = "<group>";
		};
		198EBC1B1908071C0046E54D /* Resource */ = {
			isa = PBXGroup;
			children = (
				198EBC1C1908072E0046E54D /* Plane */,
			);
			name = Resource;
			path = CrazySnake;
			sourceTree = "<group>";
		};
		198EBC1C1908072E0046E54D /* Plane */ = {
			isa = PBXGroup;
			children = (
				198EBC1D190807440046E54D /* battery.png */,
				198EBC1E190807440046E54D /* bomb.jpg */,
				198EBC1F190807440046E54D /* plane.jpg */,
			);
			name = Plane;
			sourceTree = "<group>";
		};
/* End PBXGroup section */

/* Begin PBXNativeTarget section */
		1968B84A18F78678000D689B /* CrazySnake */ = {
			isa = PBXNativeTarget;
			buildConfigurationList = 1968B88418F78679000D689B /* Build configuration list for PBXNativeTarget "CrazySnake" */;
			buildPhases = (
				1968B84718F78678000D689B /* Sources */,
				1968B84818F78678000D689B /* Frameworks */,
				1968B84918F78678000D689B /* Resources */,
			);
			buildRules = (
			);
			dependencies = (
			);
			name = CrazySnake;
			productName = CrazySnake;
			productReference = 1968B84B18F78678000D689B /* CrazySnake.app */;
			productType = "com.apple.product-type.application";
		};
/* End PBXNativeTarget section */

/* Begin PBXProject section */
		1968B84318F78678000D689B /* Project object */ = {
			isa = PBXProject;
			attributes = {
				LastUpgradeCheck = 0510;
				ORGANIZATIONNAME = silver6wings;
			};
			buildConfigurationList = 1968B84618F78678000D689B /* Build configuration list for PBXProject "CrazySnake" */;
			compatibilityVersion = "Xcode 3.2";
			developmentRegion = English;
			hasScannedForEncodings = 0;
			knownRegions = (
				en,
				Base,
			);
			mainGroup = 1968B84218F78678000D689B;
			productRefGroup = 1968B84C18F78678000D689B /* Products */;
			projectDirPath = "";
			projectRoot = "";
			targets = (
				1968B84A18F78678000D689B /* CrazySnake */,
			);
		};
/* End PBXProject section */

/* Begin PBXResourcesBuildPhase section */
		1968B84918F78678000D689B /* Resources */ = {
			isa = PBXResourcesBuildPhase;
			buildActionMask = 2147483647;
			files = (
				1968B85B18F78678000D689B /* InfoPlist.strings in Resources */,
				198EBC20190807440046E54D /* battery.png in Resources */,
				198EBC22190807440046E54D /* plane.jpg in Resources */,
				1968B86E18F78679000D689B /* Images.xcassets in Resources */,
				198EBC21190807440046E54D /* bomb.jpg in Resources */,
			);
			runOnlyForDeploymentPostprocessing = 0;
		};
/* End PBXResourcesBuildPhase section */

/* Begin PBXSourcesBuildPhase section */
		1968B84718F78678000D689B /* Sources */ = {
			isa = PBXSourcesBuildPhase;
			buildActionMask = 2147483647;
			files = (
				198EBC1A190806820046E54D /* SnakeScene.m in Sources */,
				1968B86118F78678000D689B /* AppDelegate.m in Sources */,
				198EBC131908067B0046E54D /* PlaneScene.m in Sources */,
				198EBC19190806820046E54D /* RootViewController.m in Sources */,
				198EBC121908067B0046E54D /* GameOverScene.m in Sources */,
				1968B85D18F78678000D689B /* main.m in Sources */,
				198EBC141908067B0046E54D /* PlaneViewController.m in Sources */,
			);
			runOnlyForDeploymentPostprocessing = 0;
		};
/* End PBXSourcesBuildPhase section */

/* Begin PBXVariantGroup section */
		1968B85918F78678000D689B /* InfoPlist.strings */ = {
			isa = PBXVariantGroup;
			children = (
				1968B85A18F78678000D689B /* en */,
			);
			name = InfoPlist.strings;
			sourceTree = "<group>";
		};
/* End PBXVariantGroup section */

/* Begin XCBuildConfiguration section */
		1968B88218F78679000D689B /* Debug */ = {
			isa = XCBuildConfiguration;
			buildSettings = {
				ALWAYS_SEARCH_USER_PATHS = NO;
				CLANG_CXX_LANGUAGE_STANDARD = "gnu++0x";
				CLANG_CXX_LIBRARY = "libc++";
				CLANG_ENABLE_MODULES = YES;
				CLANG_ENABLE_OBJC_ARC = YES;
				CLANG_WARN_BOOL_CONVERSION = YES;
				CLANG_WARN_CONSTANT_CONVERSION = YES;
				CLANG_WARN_DIRECT_OBJC_ISA_USAGE = YES_ERROR;
				CLANG_WARN_EMPTY_BODY = YES;
				CLANG_WARN_ENUM_CONVERSION = YES;
				CLANG_WARN_INT_CONVERSION = YES;
				CLANG_WARN_OBJC_ROOT_CLASS = YES_ERROR;
				CLANG_WARN__DUPLICATE_METHOD_MATCH = YES;
				"CODE_SIGN_IDENTITY[sdk=iphoneos*]" = "iPhone Developer";
				COPY_PHASE_STRIP = NO;
				GCC_C_LANGUAGE_STANDARD = gnu99;
				GCC_DYNAMIC_NO_PIC = NO;
				GCC_OPTIMIZATION_LEVEL = 0;
				GCC_PREPROCESSOR_DEFINITIONS = (
					"DEBUG=1",
					"$(inherited)",
				);
				GCC_SYMBOLS_PRIVATE_EXTERN = NO;
				GCC_WARN_64_TO_32_BIT_CONVERSION = YES;
				GCC_WARN_ABOUT_RETURN_TYPE = YES_ERROR;
				GCC_WARN_UNDECLARED_SELECTOR = YES;
				GCC_WARN_UNINITIALIZED_AUTOS = YES_AGGRESSIVE;
				GCC_WARN_UNUSED_FUNCTION = YES;
				GCC_WARN_UNUSED_VARIABLE = YES;
				IPHONEOS_DEPLOYMENT_TARGET = 7.1;
				ONLY_ACTIVE_ARCH = YES;
				SDKROOT = iphoneos;
			};
			name = Debug;
		};
		1968B88318F78679000D689B /* Release */ = {
			isa = XCBuildConfiguration;
			buildSettings = {
				ALWAYS_SEARCH_USER_PATHS = NO;
				CLANG_CXX_LANGUAGE_STANDARD = "gnu++0x";
				CLANG_CXX_LIBRARY = "libc++";
				CLANG_ENABLE_MODULES = YES;
				CLANG_ENABLE_OBJC_ARC = YES;
				CLANG_WARN_BOOL_CONVERSION = YES;
				CLANG_WARN_CONSTANT_CONVERSION = YES;
				CLANG_WARN_DIRECT_OBJC_ISA_USAGE = YES_ERROR;
				CLANG_WARN_EMPTY_BODY = YES;
				CLANG_WARN_ENUM_CONVERSION = YES;
				CLANG_WARN_INT_CONVERSION = YES;
				CLANG_WARN_OBJC_ROOT_CLASS = YES_ERROR;
				CLANG_WARN__DUPLICATE_METHOD_MATCH = YES;
				"CODE_SIGN_IDENTITY[sdk=iphoneos*]" = "iPhone Developer";
				COPY_PHASE_STRIP = YES;
				ENABLE_NS_ASSERTIONS = NO;
				GCC_C_LANGUAGE_STANDARD = gnu99;
				GCC_WARN_64_TO_32_BIT_CONVERSION = YES;
				GCC_WARN_ABOUT_RETURN_TYPE = YES_ERROR;
				GCC_WARN_UNDECLARED_SELECTOR = YES;
				GCC_WARN_UNINITIALIZED_AUTOS = YES_AGGRESSIVE;
				GCC_WARN_UNUSED_FUNCTION = YES;
				GCC_WARN_UNUSED_VARIABLE = YES;
				IPHONEOS_DEPLOYMENT_TARGET = 7.1;
				SDKROOT = iphoneos;
				VALIDATE_PRODUCT = YES;
			};
			name = Release;
		};
		1968B88518F78679000D689B /* Debug */ = {
			isa = XCBuildConfiguration;
			buildSettings = {
				ASSETCATALOG_COMPILER_APPICON_NAME = AppIcon;
				ASSETCATALOG_COMPILER_LAUNCHIMAGE_NAME = LaunchImage;
				GCC_PRECOMPILE_PREFIX_HEADER = YES;
				GCC_PREFIX_HEADER = "CrazySnake/CrazySnake-Prefix.pch";
				INFOPLIST_FILE = "CrazySnake/CrazySnake-Info.plist";
				PRODUCT_NAME = "$(TARGET_NAME)";
				SPRITEKIT_TEXTURE_ATLAS_OUTPUT = YES;
				WRAPPER_EXTENSION = app;
			};
			name = Debug;
		};
		1968B88618F78679000D689B /* Release */ = {
			isa = XCBuildConfiguration;
			buildSettings = {
				ASSETCATALOG_COMPILER_APPICON_NAME = AppIcon;
				ASSETCATALOG_COMPILER_LAUNCHIMAGE_NAME = LaunchImage;
				GCC_PRECOMPILE_PREFIX_HEADER = YES;
				GCC_PREFIX_HEADER = "CrazySnake/CrazySnake-Prefix.pch";
				INFOPLIST_FILE = "CrazySnake/CrazySnake-Info.plist";
				PRODUCT_NAME = "$(TARGET_NAME)";
				SPRITEKIT_TEXTURE_ATLAS_OUTPUT = YES;
				WRAPPER_EXTENSION = app;
			};
			name = Release;
		};
/* End XCBuildConfiguration section */

/* Begin XCConfigurationList section */
		1968B84618F78678000D689B /* Build configuration list for PBXProject "CrazySnake" */ = {
			isa = XCConfigurationList;
			buildConfigurations = (
				1968B88218F78679000D689B /* Debug */,
				1968B88318F78679000D689B /* Release */,
			);
			defaultConfigurationIsVisible = 0;
			defaultConfigurationName = Release;
		};
		1968B88418F78679000D689B /* Build configuration list for PBXNativeTarget "CrazySnake" */ = {
			isa = XCConfigurationList;
			buildConfigurations = (
				1968B88518F78679000D689B /* Debug */,
				1968B88618F78679000D689B /* Release */,
			);
			defaultConfigurationIsVisible = 0;
			defaultConfigurationName = Release;
		};
/* End XCConfigurationList section */
	};
	rootObject = 1968B84318F78678000D689B /* Project object */;
}
