// !$*UTF8*$!
{
	archiveVersion = 1;
	classes = {
	};
	objectVersion = 46;
	objects = {

/* Begin PBXBuildFile section */
		19CE664A198F8F3B00FC5D08 /* Foundation.framework in Frameworks */ = {isa = PBXBuildFile; fileRef = 19CE6649198F8F3B00FC5D08 /* Foundation.framework */; };
		19CE664C198F8F3B00FC5D08 /* CoreGraphics.framework in Frameworks */ = {isa = PBXBuildFile; fileRef = 19CE664B198F8F3B00FC5D08 /* CoreGraphics.framework */; };
		19CE664E198F8F3B00FC5D08 /* UIKit.framework in Frameworks */ = {isa = PBXBuildFile; fileRef = 19CE664D198F8F3B00FC5D08 /* UIKit.framework */; };
		19CE6654198F8F3B00FC5D08 /* InfoPlist.strings in Resources */ = {isa = PBXBuildFile; fileRef = 19CE6652198F8F3B00FC5D08 /* InfoPlist.strings */; };
		19CE6656198F8F3B00FC5D08 /* main.m in Sources */ = {isa = PBXBuildFile; fileRef = 19CE6655198F8F3B00FC5D08 /* main.m */; };
		19CE665A198F8F3B00FC5D08 /* AppDelegate.m in Sources */ = {isa = PBXBuildFile; fileRef = 19CE6659198F8F3B00FC5D08 /* AppDelegate.m */; };
		19CE665C198F8F3B00FC5D08 /* Images.xcassets in Resources */ = {isa = PBXBuildFile; fileRef = 19CE665B198F8F3B00FC5D08 /* Images.xcassets */; };
		19CE6663198F8F3B00FC5D08 /* XCTest.framework in Frameworks */ = {isa = PBXBuildFile; fileRef = 19CE6662198F8F3B00FC5D08 /* XCTest.framework */; };
		19CE6664198F8F3B00FC5D08 /* Foundation.framework in Frameworks */ = {isa = PBXBuildFile; fileRef = 19CE6649198F8F3B00FC5D08 /* Foundation.framework */; };
		19CE6665198F8F3B00FC5D08 /* UIKit.framework in Frameworks */ = {isa = PBXBuildFile; fileRef = 19CE664D198F8F3B00FC5D08 /* UIKit.framework */; };
		19CE666D198F8F3B00FC5D08 /* InfoPlist.strings in Resources */ = {isa = PBXBuildFile; fileRef = 19CE666B198F8F3B00FC5D08 /* InfoPlist.strings */; };
		19CE666F198F8F3B00FC5D08 /* SpriteWalkthroughTests.m in Sources */ = {isa = PBXBuildFile; fileRef = 19CE666E198F8F3B00FC5D08 /* SpriteWalkthroughTests.m */; };
		19CE667A198F8FB600FC5D08 /* SpriteViewController.m in Sources */ = {isa = PBXBuildFile; fileRef = 19CE6679198F8FB600FC5D08 /* SpriteViewController.m */; };
/* End PBXBuildFile section */

/* Begin PBXContainerItemProxy section */
		19CE6666198F8F3B00FC5D08 /* PBXContainerItemProxy */ = {
			isa = PBXContainerItemProxy;
			containerPortal = 19CE663E198F8F3B00FC5D08 /* Project object */;
			proxyType = 1;
			remoteGlobalIDString = 19CE6645198F8F3B00FC5D08;
			remoteInfo = SpriteWalkthrough;
		};
/* End PBXContainerItemProxy section */

/* Begin PBXFileReference section */
		19CE6646198F8F3B00FC5D08 /* SpriteWalkthrough.app */ = {isa = PBXFileReference; explicitFileType = wrapper.application; includeInIndex = 0; path = SpriteWalkthrough.app; sourceTree = BUILT_PRODUCTS_DIR; };
		19CE6649198F8F3B00FC5D08 /* Foundation.framework */ = {isa = PBXFileReference; lastKnownFileType = wrapper.framework; name = Foundation.framework; path = System/Library/Frameworks/Foundation.framework; sourceTree = SDKROOT; };
		19CE664B198F8F3B00FC5D08 /* CoreGraphics.framework */ = {isa = PBXFileReference; lastKnownFileType = wrapper.framework; name = CoreGraphics.framework; path = System/Library/Frameworks/CoreGraphics.framework; sourceTree = SDKROOT; };
		19CE664D198F8F3B00FC5D08 /* UIKit.framework */ = {isa = PBXFileReference; lastKnownFileType = wrapper.framework; name = UIKit.framework; path = System/Library/Frameworks/UIKit.framework; sourceTree = SDKROOT; };
		19CE6651198F8F3B00FC5D08 /* SpriteWalkthrough-Info.plist */ = {isa = PBXFileReference; lastKnownFileType = text.plist.xml; path = "SpriteWalkthrough-Info.plist"; sourceTree = "<group>"; };
		19CE6653198F8F3B00FC5D08 /* en */ = {isa = PBXFileReference; lastKnownFileType = text.plist.strings; name = en; path = en.lproj/InfoPlist.strings; sourceTree = "<group>"; };
		19CE6655198F8F3B00FC5D08 /* main.m */ = {isa = PBXFileReference; lastKnownFileType = sourcecode.c.objc; path = main.m; sourceTree = "<group>"; };
		19CE6657198F8F3B00FC5D08 /* SpriteWalkthrough-Prefix.pch */ = {isa = PBXFileReference; lastKnownFileType = sourcecode.c.h; path = "SpriteWalkthrough-Prefix.pch"; sourceTree = "<group>"; };
		19CE6658198F8F3B00FC5D08 /* AppDelegate.h */ = {isa = PBXFileReference; lastKnownFileType = sourcecode.c.h; path = AppDelegate.h; sourceTree = "<group>"; };
		19CE6659198F8F3B00FC5D08 /* AppDelegate.m */ = {isa = PBXFileReference; lastKnownFileType = sourcecode.c.objc; path = AppDelegate.m; sourceTree = "<group>"; };
		19CE665B198F8F3B00FC5D08 /* Images.xcassets */ = {isa = PBXFileReference; lastKnownFileType = folder.assetcatalog; path = Images.xcassets; sourceTree = "<group>"; };
		19CE6661198F8F3B00FC5D08 /* SpriteWalkthroughTests.xctest */ = {isa = PBXFileReference; explicitFileType = wrapper.cfbundle; includeInIndex = 0; path = SpriteWalkthroughTests.xctest; sourceTree = BUILT_PRODUCTS_DIR; };
		19CE6662198F8F3B00FC5D08 /* XCTest.framework */ = {isa = PBXFileReference; lastKnownFileType = wrapper.framework; name = XCTest.framework; path = Library/Frameworks/XCTest.framework; sourceTree = DEVELOPER_DIR; };
		19CE666A198F8F3B00FC5D08 /* SpriteWalkthroughTests-Info.plist */ = {isa = PBXFileReference; lastKnownFileType = text.plist.xml; path = "SpriteWalkthroughTests-Info.plist"; sourceTree = "<group>"; };
		19CE666C198F8F3B00FC5D08 /* en */ = {isa = PBXFileReference; lastKnownFileType = text.plist.strings; name = en; path = en.lproj/InfoPlist.strings; sourceTree = "<group>"; };
		19CE666E198F8F3B00FC5D08 /* SpriteWalkthroughTests.m */ = {isa = PBXFileReference; lastKnownFileType = sourcecode.c.objc; path = SpriteWalkthroughTests.m; sourceTree = "<group>"; };
		19CE6678198F8FB600FC5D08 /* SpriteViewController.h */ = {isa = PBXFileReference; fileEncoding = 4; lastKnownFileType = sourcecode.c.h; path = SpriteViewController.h; sourceTree = "<group>"; };
		19CE6679198F8FB600FC5D08 /* SpriteViewController.m */ = {isa = PBXFileReference; fileEncoding = 4; lastKnownFileType = sourcecode.c.objc; path = SpriteViewController.m; sourceTree = "<group>"; };
/* End PBXFileReference section */

/* Begin PBXFrameworksBuildPhase section */
		19CE6643198F8F3B00FC5D08 /* Frameworks */ = {
			isa = PBXFrameworksBuildPhase;
			buildActionMask = 2147483647;
			files = (
				19CE664C198F8F3B00FC5D08 /* CoreGraphics.framework in Frameworks */,
				19CE664E198F8F3B00FC5D08 /* UIKit.framework in Frameworks */,
				19CE664A198F8F3B00FC5D08 /* Foundation.framework in Frameworks */,
			);
			runOnlyForDeploymentPostprocessing = 0;
		};
		19CE665E198F8F3B00FC5D08 /* Frameworks */ = {
			isa = PBXFrameworksBuildPhase;
			buildActionMask = 2147483647;
			files = (
				19CE6663198F8F3B00FC5D08 /* XCTest.framework in Frameworks */,
				19CE6665198F8F3B00FC5D08 /* UIKit.framework in Frameworks */,
				19CE6664198F8F3B00FC5D08 /* Foundation.framework in Frameworks */,
			);
			runOnlyForDeploymentPostprocessing = 0;
		};
/* End PBXFrameworksBuildPhase section */

/* Begin PBXGroup section */
		19CE663D198F8F3B00FC5D08 = {
			isa = PBXGroup;
			children = (
				19CE664F198F8F3B00FC5D08 /* SpriteWalkthrough */,
				19CE6668198F8F3B00FC5D08 /* SpriteWalkthroughTests */,
				19CE6648198F8F3B00FC5D08 /* Frameworks */,
				19CE6647198F8F3B00FC5D08 /* Products */,
			);
			sourceTree = "<group>";
		};
		19CE6647198F8F3B00FC5D08 /* Products */ = {
			isa = PBXGroup;
			children = (
				19CE6646198F8F3B00FC5D08 /* SpriteWalkthrough.app */,
				19CE6661198F8F3B00FC5D08 /* SpriteWalkthroughTests.xctest */,
			);
			name = Products;
			sourceTree = "<group>";
		};
		19CE6648198F8F3B00FC5D08 /* Frameworks */ = {
			isa = PBXGroup;
			children = (
				19CE6649198F8F3B00FC5D08 /* Foundation.framework */,
				19CE664B198F8F3B00FC5D08 /* CoreGraphics.framework */,
				19CE664D198F8F3B00FC5D08 /* UIKit.framework */,
				19CE6662198F8F3B00FC5D08 /* XCTest.framework */,
			);
			name = Frameworks;
			sourceTree = "<group>";
		};
		19CE664F198F8F3B00FC5D08 /* SpriteWalkthrough */ = {
			isa = PBXGroup;
			children = (
				19CE6658198F8F3B00FC5D08 /* AppDelegate.h */,
				19CE6659198F8F3B00FC5D08 /* AppDelegate.m */,
				19CE665B198F8F3B00FC5D08 /* Images.xcassets */,
				19CE6650198F8F3B00FC5D08 /* Supporting Files */,
				19CE6678198F8FB600FC5D08 /* SpriteViewController.h */,
				19CE6679198F8FB600FC5D08 /* SpriteViewController.m */,
			);
			path = SpriteWalkthrough;
			sourceTree = "<group>";
		};
		19CE6650198F8F3B00FC5D08 /* Supporting Files */ = {
			isa = PBXGroup;
			children = (
				19CE6651198F8F3B00FC5D08 /* SpriteWalkthrough-Info.plist */,
				19CE6652198F8F3B00FC5D08 /* InfoPlist.strings */,
				19CE6655198F8F3B00FC5D08 /* main.m */,
				19CE6657198F8F3B00FC5D08 /* SpriteWalkthrough-Prefix.pch */,
			);
			name = "Supporting Files";
			sourceTree = "<group>";
		};
		19CE6668198F8F3B00FC5D08 /* SpriteWalkthroughTests */ = {
			isa = PBXGroup;
			children = (
				19CE666E198F8F3B00FC5D08 /* SpriteWalkthroughTests.m */,
				19CE6669198F8F3B00FC5D08 /* Supporting Files */,
			);
			path = SpriteWalkthroughTests;
			sourceTree = "<group>";
		};
		19CE6669198F8F3B00FC5D08 /* Supporting Files */ = {
			isa = PBXGroup;
			children = (
				19CE666A198F8F3B00FC5D08 /* SpriteWalkthroughTests-Info.plist */,
				19CE666B198F8F3B00FC5D08 /* InfoPlist.strings */,
			);
			name = "Supporting Files";
			sourceTree = "<group>";
		};
/* End PBXGroup section */

/* Begin PBXNativeTarget section */
		19CE6645198F8F3B00FC5D08 /* SpriteWalkthrough */ = {
			isa = PBXNativeTarget;
			buildConfigurationList = 19CE6672198F8F3B00FC5D08 /* Build configuration list for PBXNativeTarget "SpriteWalkthrough" */;
			buildPhases = (
				19CE6642198F8F3B00FC5D08 /* Sources */,
				19CE6643198F8F3B00FC5D08 /* Frameworks */,
				19CE6644198F8F3B00FC5D08 /* Resources */,
			);
			buildRules = (
			);
			dependencies = (
			);
			name = SpriteWalkthrough;
			productName = SpriteWalkthrough;
			productReference = 19CE6646198F8F3B00FC5D08 /* SpriteWalkthrough.app */;
			productType = "com.apple.product-type.application";
		};
		19CE6660198F8F3B00FC5D08 /* SpriteWalkthroughTests */ = {
			isa = PBXNativeTarget;
			buildConfigurationList = 19CE6675198F8F3B00FC5D08 /* Build configuration list for PBXNativeTarget "SpriteWalkthroughTests" */;
			buildPhases = (
				19CE665D198F8F3B00FC5D08 /* Sources */,
				19CE665E198F8F3B00FC5D08 /* Frameworks */,
				19CE665F198F8F3B00FC5D08 /* Resources */,
			);
			buildRules = (
			);
			dependencies = (
				19CE6667198F8F3B00FC5D08 /* PBXTargetDependency */,
			);
			name = SpriteWalkthroughTests;
			productName = SpriteWalkthroughTests;
			productReference = 19CE6661198F8F3B00FC5D08 /* SpriteWalkthroughTests.xctest */;
			productType = "com.apple.product-type.bundle.unit-test";
		};
/* End PBXNativeTarget section */

/* Begin PBXProject section */
		19CE663E198F8F3B00FC5D08 /* Project object */ = {
			isa = PBXProject;
			attributes = {
				LastUpgradeCheck = 0510;
				ORGANIZATIONNAME = silver6wings;
				TargetAttributes = {
					19CE6660198F8F3B00FC5D08 = {
						TestTargetID = 19CE6645198F8F3B00FC5D08;
					};
				};
			};
			buildConfigurationList = 19CE6641198F8F3B00FC5D08 /* Build configuration list for PBXProject "SpriteWalkthrough" */;
			compatibilityVersion = "Xcode 3.2";
			developmentRegion = English;
			hasScannedForEncodings = 0;
			knownRegions = (
				en,
			);
			mainGroup = 19CE663D198F8F3B00FC5D08;
			productRefGroup = 19CE6647198F8F3B00FC5D08 /* Products */;
			projectDirPath = "";
			projectRoot = "";
			targets = (
				19CE6645198F8F3B00FC5D08 /* SpriteWalkthrough */,
				19CE6660198F8F3B00FC5D08 /* SpriteWalkthroughTests */,
			);
		};
/* End PBXProject section */

/* Begin PBXResourcesBuildPhase section */
		19CE6644198F8F3B00FC5D08 /* Resources */ = {
			isa = PBXResourcesBuildPhase;
			buildActionMask = 2147483647;
			files = (
				19CE6654198F8F3B00FC5D08 /* InfoPlist.strings in Resources */,
				19CE665C198F8F3B00FC5D08 /* Images.xcassets in Resources */,
			);
			runOnlyForDeploymentPostprocessing = 0;
		};
		19CE665F198F8F3B00FC5D08 /* Resources */ = {
			isa = PBXResourcesBuildPhase;
			buildActionMask = 2147483647;
			files = (
				19CE666D198F8F3B00FC5D08 /* InfoPlist.strings in Resources */,
			);
			runOnlyForDeploymentPostprocessing = 0;
		};
/* End PBXResourcesBuildPhase section */

/* Begin PBXSourcesBuildPhase section */
		19CE6642198F8F3B00FC5D08 /* Sources */ = {
			isa = PBXSourcesBuildPhase;
			buildActionMask = 2147483647;
			files = (
				19CE665A198F8F3B00FC5D08 /* AppDelegate.m in Sources */,
				19CE6656198F8F3B00FC5D08 /* main.m in Sources */,
				19CE667A198F8FB600FC5D08 /* SpriteViewController.m in Sources */,
			);
			runOnlyForDeploymentPostprocessing = 0;
		};
		19CE665D198F8F3B00FC5D08 /* Sources */ = {
			isa = PBXSourcesBuildPhase;
			buildActionMask = 2147483647;
			files = (
				19CE666F198F8F3B00FC5D08 /* SpriteWalkthroughTests.m in Sources */,
			);
			runOnlyForDeploymentPostprocessing = 0;
		};
/* End PBXSourcesBuildPhase section */

/* Begin PBXTargetDependency section */
		19CE6667198F8F3B00FC5D08 /* PBXTargetDependency */ = {
			isa = PBXTargetDependency;
			target = 19CE6645198F8F3B00FC5D08 /* SpriteWalkthrough */;
			targetProxy = 19CE6666198F8F3B00FC5D08 /* PBXContainerItemProxy */;
		};
/* End PBXTargetDependency section */

/* Begin PBXVariantGroup section */
		19CE6652198F8F3B00FC5D08 /* InfoPlist.strings */ = {
			isa = PBXVariantGroup;
			children = (
				19CE6653198F8F3B00FC5D08 /* en */,
			);
			name = InfoPlist.strings;
			sourceTree = "<group>";
		};
		19CE666B198F8F3B00FC5D08 /* InfoPlist.strings */ = {
			isa = PBXVariantGroup;
			children = (
				19CE666C198F8F3B00FC5D08 /* en */,
			);
			name = InfoPlist.strings;
			sourceTree = "<group>";
		};
/* End PBXVariantGroup section */

/* Begin XCBuildConfiguration section */
		19CE6670198F8F3B00FC5D08 /* Debug */ = {
			isa = XCBuildConfiguration;
			buildSettings = {
				ALWAYS_SEARCH_USER_PATHS = NO;
				CLANG_CXX_LANGUAGE_STANDARD = "gnu++0x";
				CLANG_CXX_LIBRARY = "libc++";
				CLANG_ENABLE_MODULES = YES;
				CLANG_ENABLE_OBJC_ARC = YES;
				CLANG_WARN_BOOL_CONVERSION = YES;
				CLANG_WARN_CONSTANT_CONVERSION = YES;
				CLANG_WARN_DIRECT_OBJC_ISA_USAGE = YES_ERROR;
				CLANG_WARN_EMPTY_BODY = YES;
				CLANG_WARN_ENUM_CONVERSION = YES;
				CLANG_WARN_INT_CONVERSION = YES;
				CLANG_WARN_OBJC_ROOT_CLASS = YES_ERROR;
				CLANG_WARN__DUPLICATE_METHOD_MATCH = YES;
				"CODE_SIGN_IDENTITY[sdk=iphoneos*]" = "iPhone Developer";
				COPY_PHASE_STRIP = NO;
				GCC_C_LANGUAGE_STANDARD = gnu99;
				GCC_DYNAMIC_NO_PIC = NO;
				GCC_OPTIMIZATION_LEVEL = 0;
				GCC_PREPROCESSOR_DEFINITIONS = (
					"DEBUG=1",
					"$(inherited)",
				);
				GCC_SYMBOLS_PRIVATE_EXTERN = NO;
				GCC_WARN_64_TO_32_BIT_CONVERSION = YES;
				GCC_WARN_ABOUT_RETURN_TYPE = YES_ERROR;
				GCC_WARN_UNDECLARED_SELECTOR = YES;
				GCC_WARN_UNINITIALIZED_AUTOS = YES_AGGRESSIVE;
				GCC_WARN_UNUSED_FUNCTION = YES;
				GCC_WARN_UNUSED_VARIABLE = YES;
				IPHONEOS_DEPLOYMENT_TARGET = 7.1;
				ONLY_ACTIVE_ARCH = YES;
				SDKROOT = iphoneos;
			};
			name = Debug;
		};
		19CE6671198F8F3B00FC5D08 /* Release */ = {
			isa = XCBuildConfiguration;
			buildSettings = {
				ALWAYS_SEARCH_USER_PATHS = NO;
				CLANG_CXX_LANGUAGE_STANDARD = "gnu++0x";
				CLANG_CXX_LIBRARY = "libc++";
				CLANG_ENABLE_MODULES = YES;
				CLANG_ENABLE_OBJC_ARC = YES;
				CLANG_WARN_BOOL_CONVERSION = YES;
				CLANG_WARN_CONSTANT_CONVERSION = YES;
				CLANG_WARN_DIRECT_OBJC_ISA_USAGE = YES_ERROR;
				CLANG_WARN_EMPTY_BODY = YES;
				CLANG_WARN_ENUM_CONVERSION = YES;
				CLANG_WARN_INT_CONVERSION = YES;
				CLANG_WARN_OBJC_ROOT_CLASS = YES_ERROR;
				CLANG_WARN__DUPLICATE_METHOD_MATCH = YES;
				"CODE_SIGN_IDENTITY[sdk=iphoneos*]" = "iPhone Developer";
				COPY_PHASE_STRIP = YES;
				ENABLE_NS_ASSERTIONS = NO;
				GCC_C_LANGUAGE_STANDARD = gnu99;
				GCC_WARN_64_TO_32_BIT_CONVERSION = YES;
				GCC_WARN_ABOUT_RETURN_TYPE = YES_ERROR;
				GCC_WARN_UNDECLARED_SELECTOR = YES;
				GCC_WARN_UNINITIALIZED_AUTOS = YES_AGGRESSIVE;
				GCC_WARN_UNUSED_FUNCTION = YES;
				GCC_WARN_UNUSED_VARIABLE = YES;
				IPHONEOS_DEPLOYMENT_TARGET = 7.1;
				SDKROOT = iphoneos;
				VALIDATE_PRODUCT = YES;
			};
			name = Release;
		};
		19CE6673198F8F3B00FC5D08 /* Debug */ = {
			isa = XCBuildConfiguration;
			buildSettings = {
				ASSETCATALOG_COMPILER_APPICON_NAME = AppIcon;
				ASSETCATALOG_COMPILER_LAUNCHIMAGE_NAME = LaunchImage;
				GCC_PRECOMPILE_PREFIX_HEADER = YES;
				GCC_PREFIX_HEADER = "SpriteWalkthrough/SpriteWalkthrough-Prefix.pch";
				INFOPLIST_FILE = "SpriteWalkthrough/SpriteWalkthrough-Info.plist";
				PRODUCT_NAME = "$(TARGET_NAME)";
				WRAPPER_EXTENSION = app;
			};
			name = Debug;
		};
		19CE6674198F8F3B00FC5D08 /* Release */ = {
			isa = XCBuildConfiguration;
			buildSettings = {
				ASSETCATALOG_COMPILER_APPICON_NAME = AppIcon;
				ASSETCATALOG_COMPILER_LAUNCHIMAGE_NAME = LaunchImage;
				GCC_PRECOMPILE_PREFIX_HEADER = YES;
				GCC_PREFIX_HEADER = "SpriteWalkthrough/SpriteWalkthrough-Prefix.pch";
				INFOPLIST_FILE = "SpriteWalkthrough/SpriteWalkthrough-Info.plist";
				PRODUCT_NAME = "$(TARGET_NAME)";
				WRAPPER_EXTENSION = app;
			};
			name = Release;
		};
		19CE6676198F8F3B00FC5D08 /* Debug */ = {
			isa = XCBuildConfiguration;
			buildSettings = {
				BUNDLE_LOADER = "$(BUILT_PRODUCTS_DIR)/SpriteWalkthrough.app/SpriteWalkthrough";
				FRAMEWORK_SEARCH_PATHS = (
					"$(SDKROOT)/Developer/Library/Frameworks",
					"$(inherited)",
					"$(DEVELOPER_FRAMEWORKS_DIR)",
				);
				GCC_PRECOMPILE_PREFIX_HEADER = YES;
				GCC_PREFIX_HEADER = "SpriteWalkthrough/SpriteWalkthrough-Prefix.pch";
				GCC_PREPROCESSOR_DEFINITIONS = (
					"DEBUG=1",
					"$(inherited)",
				);
				INFOPLIST_FILE = "SpriteWalkthroughTests/SpriteWalkthroughTests-Info.plist";
				PRODUCT_NAME = "$(TARGET_NAME)";
				TEST_HOST = "$(BUNDLE_LOADER)";
				WRAPPER_EXTENSION = xctest;
			};
			name = Debug;
		};
		19CE6677198F8F3B00FC5D08 /* Release */ = {
			isa = XCBuildConfiguration;
			buildSettings = {
				BUNDLE_LOADER = "$(BUILT_PRODUCTS_DIR)/SpriteWalkthrough.app/SpriteWalkthrough";
				FRAMEWORK_SEARCH_PATHS = (
					"$(SDKROOT)/Developer/Library/Frameworks",
					"$(inherited)",
					"$(DEVELOPER_FRAMEWORKS_DIR)",
				);
				GCC_PRECOMPILE_PREFIX_HEADER = YES;
				GCC_PREFIX_HEADER = "SpriteWalkthrough/SpriteWalkthrough-Prefix.pch";
				INFOPLIST_FILE = "SpriteWalkthroughTests/SpriteWalkthroughTests-Info.plist";
				PRODUCT_NAME = "$(TARGET_NAME)";
				TEST_HOST = "$(BUNDLE_LOADER)";
				WRAPPER_EXTENSION = xctest;
			};
			name = Release;
		};
/* End XCBuildConfiguration section */

/* Begin XCConfigurationList section */
		19CE6641198F8F3B00FC5D08 /* Build configuration list for PBXProject "SpriteWalkthrough" */ = {
			isa = XCConfigurationList;
			buildConfigurations = (
				19CE6670198F8F3B00FC5D08 /* Debug */,
				19CE6671198F8F3B00FC5D08 /* Release */,
			);
			defaultConfigurationIsVisible = 0;
			defaultConfigurationName = Release;
		};
		19CE6672198F8F3B00FC5D08 /* Build configuration list for PBXNativeTarget "SpriteWalkthrough" */ = {
			isa = XCConfigurationList;
			buildConfigurations = (
				19CE6673198F8F3B00FC5D08 /* Debug */,
				19CE6674198F8F3B00FC5D08 /* Release */,
			);
			defaultConfigurationIsVisible = 0;
		};
		19CE6675198F8F3B00FC5D08 /* Build configuration list for PBXNativeTarget "SpriteWalkthroughTests" */ = {
			isa = XCConfigurationList;
			buildConfigurations = (
				19CE6676198F8F3B00FC5D08 /* Debug */,
				19CE6677198F8F3B00FC5D08 /* Release */,
			);
			defaultConfigurationIsVisible = 0;
		};
/* End XCConfigurationList section */
	};
	rootObject = 19CE663E198F8F3B00FC5D08 /* Project object */;
}
