// !$*UTF8*$!
{
	archiveVersion = 1;
	classes = {
	};
	objectVersion = 46;
	objects = {

/* Begin PBXBuildFile section */
		19EB2C841A46985F0075BDBA /* main.m in Sources */ = {isa = PBXBuildFile; fileRef = 19EB2C831A46985F0075BDBA /* main.m */; };
		19EB2C871A46985F0075BDBA /* AppDelegate.m in Sources */ = {isa = PBXBuildFile; fileRef = 19EB2C861A46985F0075BDBA /* AppDelegate.m */; };
		19EB2C8A1A46985F0075BDBA /* GameScene.m in Sources */ = {isa = PBXBuildFile; fileRef = 19EB2C891A46985F0075BDBA /* GameScene.m */; };
		19EB2C8C1A46985F0075BDBA /* GameScene.sks in Resources */ = {isa = PBXBuildFile; fileRef = 19EB2C8B1A46985F0075BDBA /* GameScene.sks */; };
		19EB2C8F1A46985F0075BDBA /* GameViewController.m in Sources */ = {isa = PBXBuildFile; fileRef = 19EB2C8E1A46985F0075BDBA /* GameViewController.m */; };
		19EB2C921A46985F0075BDBA /* Main.storyboard in Resources */ = {isa = PBXBuildFile; fileRef = 19EB2C901A46985F0075BDBA /* Main.storyboard */; };
		19EB2C941A46985F0075BDBA /* Images.xcassets in Resources */ = {isa = PBXBuildFile; fileRef = 19EB2C931A46985F0075BDBA /* Images.xcassets */; };
		19EB2C971A46985F0075BDBA /* LaunchScreen.xib in Resources */ = {isa = PBXBuildFile; fileRef = 19EB2C951A46985F0075BDBA /* LaunchScreen.xib */; };
		19EB2CA31A46985F0075BDBA /* JumpRopeTests.m in Sources */ = {isa = PBXBuildFile; fileRef = 19EB2CA21A46985F0075BDBA /* JumpRopeTests.m */; };
/* End PBXBuildFile section */

/* Begin PBXContainerItemProxy section */
		19EB2C9D1A46985F0075BDBA /* PBXContainerItemProxy */ = {
			isa = PBXContainerItemProxy;
			containerPortal = 19EB2C761A46985F0075BDBA /* Project object */;
			proxyType = 1;
			remoteGlobalIDString = 19EB2C7D1A46985F0075BDBA;
			remoteInfo = JumpRope;
		};
/* End PBXContainerItemProxy section */

/* Begin PBXFileReference section */
		19EB2C7E1A46985F0075BDBA /* JumpRope.app */ = {isa = PBXFileReference; explicitFileType = wrapper.application; includeInIndex = 0; path = JumpRope.app; sourceTree = BUILT_PRODUCTS_DIR; };
		19EB2C821A46985F0075BDBA /* Info.plist */ = {isa = PBXFileReference; lastKnownFileType = text.plist.xml; path = Info.plist; sourceTree = "<group>"; };
		19EB2C831A46985F0075BDBA /* main.m */ = {isa = PBXFileReference; lastKnownFileType = sourcecode.c.objc; path = main.m; sourceTree = "<group>"; };
		19EB2C851A46985F0075BDBA /* AppDelegate.h */ = {isa = PBXFileReference; lastKnownFileType = sourcecode.c.h; path = AppDelegate.h; sourceTree = "<group>"; };
		19EB2C861A46985F0075BDBA /* AppDelegate.m */ = {isa = PBXFileReference; lastKnownFileType = sourcecode.c.objc; path = AppDelegate.m; sourceTree = "<group>"; };
		19EB2C881A46985F0075BDBA /* GameScene.h */ = {isa = PBXFileReference; lastKnownFileType = sourcecode.c.h; path = GameScene.h; sourceTree = "<group>"; };
		19EB2C891A46985F0075BDBA /* GameScene.m */ = {isa = PBXFileReference; lastKnownFileType = sourcecode.c.objc; path = GameScene.m; sourceTree = "<group>"; };
		19EB2C8B1A46985F0075BDBA /* GameScene.sks */ = {isa = PBXFileReference; lastKnownFileType = file.sks; path = GameScene.sks; sourceTree = "<group>"; };
		19EB2C8D1A46985F0075BDBA /* GameViewController.h */ = {isa = PBXFileReference; lastKnownFileType = sourcecode.c.h; path = GameViewController.h; sourceTree = "<group>"; };
		19EB2C8E1A46985F0075BDBA /* GameViewController.m */ = {isa = PBXFileReference; lastKnownFileType = sourcecode.c.objc; path = GameViewController.m; sourceTree = "<group>"; };
		19EB2C911A46985F0075BDBA /* Base */ = {isa = PBXFileReference; lastKnownFileType = file.storyboard; name = Base; path = Base.lproj/Main.storyboard; sourceTree = "<group>"; };
		19EB2C931A46985F0075BDBA /* Images.xcassets */ = {isa = PBXFileReference; lastKnownFileType = folder.assetcatalog; path = Images.xcassets; sourceTree = "<group>"; };
		19EB2C961A46985F0075BDBA /* Base */ = {isa = PBXFileReference; lastKnownFileType = file.xib; name = Base; path = Base.lproj/LaunchScreen.xib; sourceTree = "<group>"; };
		19EB2C9C1A46985F0075BDBA /* JumpRopeTests.xctest */ = {isa = PBXFileReference; explicitFileType = wrapper.cfbundle; includeInIndex = 0; path = JumpRopeTests.xctest; sourceTree = BUILT_PRODUCTS_DIR; };
		19EB2CA11A46985F0075BDBA /* Info.plist */ = {isa = PBXFileReference; lastKnownFileType = text.plist.xml; path = Info.plist; sourceTree = "<group>"; };
		19EB2CA21A46985F0075BDBA /* JumpRopeTests.m */ = {isa = PBXFileReference; lastKnownFileType = sourcecode.c.objc; path = JumpRopeTests.m; sourceTree = "<group>"; };
/* End PBXFileReference section */

/* Begin PBXFrameworksBuildPhase section */
		19EB2C7B1A46985F0075BDBA /* Frameworks */ = {
			isa = PBXFrameworksBuildPhase;
			buildActionMask = 2147483647;
			files = (
			);
			runOnlyForDeploymentPostprocessing = 0;
		};
		19EB2C991A46985F0075BDBA /* Frameworks */ = {
			isa = PBXFrameworksBuildPhase;
			buildActionMask = 2147483647;
			files = (
			);
			runOnlyForDeploymentPostprocessing = 0;
		};
/* End PBXFrameworksBuildPhase section */

/* Begin PBXGroup section */
		19EB2C751A46985F0075BDBA = {
			isa = PBXGroup;
			children = (
				19EB2C801A46985F0075BDBA /* JumpRope */,
				19EB2C9F1A46985F0075BDBA /* JumpRopeTests */,
				19EB2C7F1A46985F0075BDBA /* Products */,
			);
			sourceTree = "<group>";
		};
		19EB2C7F1A46985F0075BDBA /* Products */ = {
			isa = PBXGroup;
			children = (
				19EB2C7E1A46985F0075BDBA /* JumpRope.app */,
				19EB2C9C1A46985F0075BDBA /* JumpRopeTests.xctest */,
			);
			name = Products;
			sourceTree = "<group>";
		};
		19EB2C801A46985F0075BDBA /* JumpRope */ = {
			isa = PBXGroup;
			children = (
				19EB2C851A46985F0075BDBA /* AppDelegate.h */,
				19EB2C861A46985F0075BDBA /* AppDelegate.m */,
				19EB2C881A46985F0075BDBA /* GameScene.h */,
				19EB2C891A46985F0075BDBA /* GameScene.m */,
				19EB2C8B1A46985F0075BDBA /* GameScene.sks */,
				19EB2C8D1A46985F0075BDBA /* GameViewController.h */,
				19EB2C8E1A46985F0075BDBA /* GameViewController.m */,
				19EB2C901A46985F0075BDBA /* Main.storyboard */,
				19EB2C931A46985F0075BDBA /* Images.xcassets */,
				19EB2C951A46985F0075BDBA /* LaunchScreen.xib */,
				19EB2C811A46985F0075BDBA /* Supporting Files */,
			);
			path = JumpRope;
			sourceTree = "<group>";
		};
		19EB2C811A46985F0075BDBA /* Supporting Files */ = {
			isa = PBXGroup;
			children = (
				19EB2C821A46985F0075BDBA /* Info.plist */,
				19EB2C831A46985F0075BDBA /* main.m */,
			);
			name = "Supporting Files";
			sourceTree = "<group>";
		};
		19EB2C9F1A46985F0075BDBA /* JumpRopeTests */ = {
			isa = PBXGroup;
			children = (
				19EB2CA21A46985F0075BDBA /* JumpRopeTests.m */,
				19EB2CA01A46985F0075BDBA /* Supporting Files */,
			);
			path = JumpRopeTests;
			sourceTree = "<group>";
		};
		19EB2CA01A46985F0075BDBA /* Supporting Files */ = {
			isa = PBXGroup;
			children = (
				19EB2CA11A46985F0075BDBA /* Info.plist */,
			);
			name = "Supporting Files";
			sourceTree = "<group>";
		};
/* End PBXGroup section */

/* Begin PBXNativeTarget section */
		19EB2C7D1A46985F0075BDBA /* JumpRope */ = {
			isa = PBXNativeTarget;
			buildConfigurationList = 19EB2CA61A46985F0075BDBA /* Build configuration list for PBXNativeTarget "JumpRope" */;
			buildPhases = (
				19EB2C7A1A46985F0075BDBA /* Sources */,
				19EB2C7B1A46985F0075BDBA /* Frameworks */,
				19EB2C7C1A46985F0075BDBA /* Resources */,
			);
			buildRules = (
			);
			dependencies = (
			);
			name = JumpRope;
			productName = JumpRope;
			productReference = 19EB2C7E1A46985F0075BDBA /* JumpRope.app */;
			productType = "com.apple.product-type.application";
		};
		19EB2C9B1A46985F0075BDBA /* JumpRopeTests */ = {
			isa = PBXNativeTarget;
			buildConfigurationList = 19EB2CA91A46985F0075BDBA /* Build configuration list for PBXNativeTarget "JumpRopeTests" */;
			buildPhases = (
				19EB2C981A46985F0075BDBA /* Sources */,
				19EB2C991A46985F0075BDBA /* Frameworks */,
				19EB2C9A1A46985F0075BDBA /* Resources */,
			);
			buildRules = (
			);
			dependencies = (
				19EB2C9E1A46985F0075BDBA /* PBXTargetDependency */,
			);
			name = JumpRopeTests;
			productName = JumpRopeTests;
			productReference = 19EB2C9C1A46985F0075BDBA /* JumpRopeTests.xctest */;
			productType = "com.apple.product-type.bundle.unit-test";
		};
/* End PBXNativeTarget section */

/* Begin PBXProject section */
		19EB2C761A46985F0075BDBA /* Project object */ = {
			isa = PBXProject;
			attributes = {
				LastUpgradeCheck = 0610;
				ORGANIZATIONNAME = silver6wings;
				TargetAttributes = {
					19EB2C7D1A46985F0075BDBA = {
						CreatedOnToolsVersion = 6.1.1;
					};
					19EB2C9B1A46985F0075BDBA = {
						CreatedOnToolsVersion = 6.1.1;
						TestTargetID = 19EB2C7D1A46985F0075BDBA;
					};
				};
			};
			buildConfigurationList = 19EB2C791A46985F0075BDBA /* Build configuration list for PBXProject "JumpRope" */;
			compatibilityVersion = "Xcode 3.2";
			developmentRegion = English;
			hasScannedForEncodings = 0;
			knownRegions = (
				en,
				Base,
			);
			mainGroup = 19EB2C751A46985F0075BDBA;
			productRefGroup = 19EB2C7F1A46985F0075BDBA /* Products */;
			projectDirPath = "";
			projectRoot = "";
			targets = (
				19EB2C7D1A46985F0075BDBA /* JumpRope */,
				19EB2C9B1A46985F0075BDBA /* JumpRopeTests */,
			);
		};
/* End PBXProject section */

/* Begin PBXResourcesBuildPhase section */
		19EB2C7C1A46985F0075BDBA /* Resources */ = {
			isa = PBXResourcesBuildPhase;
			buildActionMask = 2147483647;
			files = (
				19EB2C971A46985F0075BDBA /* LaunchScreen.xib in Resources */,
				19EB2C941A46985F0075BDBA /* Images.xcassets in Resources */,
				19EB2C8C1A46985F0075BDBA /* GameScene.sks in Resources */,
				19EB2C921A46985F0075BDBA /* Main.storyboard in Resources */,
			);
			runOnlyForDeploymentPostprocessing = 0;
		};
		19EB2C9A1A46985F0075BDBA /* Resources */ = {
			isa = PBXResourcesBuildPhase;
			buildActionMask = 2147483647;
			files = (
			);
			runOnlyForDeploymentPostprocessing = 0;
		};
/* End PBXResourcesBuildPhase section */

/* Begin PBXSourcesBuildPhase section */
		19EB2C7A1A46985F0075BDBA /* Sources */ = {
			isa = PBXSourcesBuildPhase;
			buildActionMask = 2147483647;
			files = (
				19EB2C8F1A46985F0075BDBA /* GameViewController.m in Sources */,
				19EB2C871A46985F0075BDBA /* AppDelegate.m in Sources */,
				19EB2C8A1A46985F0075BDBA /* GameScene.m in Sources */,
				19EB2C841A46985F0075BDBA /* main.m in Sources */,
			);
			runOnlyForDeploymentPostprocessing = 0;
		};
		19EB2C981A46985F0075BDBA /* Sources */ = {
			isa = PBXSourcesBuildPhase;
			buildActionMask = 2147483647;
			files = (
				19EB2CA31A46985F0075BDBA /* JumpRopeTests.m in Sources */,
			);
			runOnlyForDeploymentPostprocessing = 0;
		};
/* End PBXSourcesBuildPhase section */

/* Begin PBXTargetDependency section */
		19EB2C9E1A46985F0075BDBA /* PBXTargetDependency */ = {
			isa = PBXTargetDependency;
			target = 19EB2C7D1A46985F0075BDBA /* JumpRope */;
			targetProxy = 19EB2C9D1A46985F0075BDBA /* PBXContainerItemProxy */;
		};
/* End PBXTargetDependency section */

/* Begin PBXVariantGroup section */
		19EB2C901A46985F0075BDBA /* Main.storyboard */ = {
			isa = PBXVariantGroup;
			children = (
				19EB2C911A46985F0075BDBA /* Base */,
			);
			name = Main.storyboard;
			sourceTree = "<group>";
		};
		19EB2C951A46985F0075BDBA /* LaunchScreen.xib */ = {
			isa = PBXVariantGroup;
			children = (
				19EB2C961A46985F0075BDBA /* Base */,
			);
			name = LaunchScreen.xib;
			sourceTree = "<group>";
		};
/* End PBXVariantGroup section */

/* Begin XCBuildConfiguration section */
		19EB2CA41A46985F0075BDBA /* Debug */ = {
			isa = XCBuildConfiguration;
			buildSettings = {
				ALWAYS_SEARCH_USER_PATHS = NO;
				CLANG_CXX_LANGUAGE_STANDARD = "gnu++0x";
				CLANG_CXX_LIBRARY = "libc++";
				CLANG_ENABLE_MODULES = YES;
				CLANG_ENABLE_OBJC_ARC = YES;
				CLANG_WARN_BOOL_CONVERSION = YES;
				CLANG_WARN_CONSTANT_CONVERSION = YES;
				CLANG_WARN_DIRECT_OBJC_ISA_USAGE = YES_ERROR;
				CLANG_WARN_EMPTY_BODY = YES;
				CLANG_WARN_ENUM_CONVERSION = YES;
				CLANG_WARN_INT_CONVERSION = YES;
				CLANG_WARN_OBJC_ROOT_CLASS = YES_ERROR;
				CLANG_WARN_UNREACHABLE_CODE = YES;
				CLANG_WARN__DUPLICATE_METHOD_MATCH = YES;
				"CODE_SIGN_IDENTITY[sdk=iphoneos*]" = "iPhone Developer";
				COPY_PHASE_STRIP = NO;
				ENABLE_STRICT_OBJC_MSGSEND = YES;
				GCC_C_LANGUAGE_STANDARD = gnu99;
				GCC_DYNAMIC_NO_PIC = NO;
				GCC_OPTIMIZATION_LEVEL = 0;
				GCC_PREPROCESSOR_DEFINITIONS = (
					"DEBUG=1",
					"$(inherited)",
				);
				GCC_SYMBOLS_PRIVATE_EXTERN = NO;
				GCC_WARN_64_TO_32_BIT_CONVERSION = YES;
				GCC_WARN_ABOUT_RETURN_TYPE = YES_ERROR;
				GCC_WARN_UNDECLARED_SELECTOR = YES;
				GCC_WARN_UNINITIALIZED_AUTOS = YES_AGGRESSIVE;
				GCC_WARN_UNUSED_FUNCTION = YES;
				GCC_WARN_UNUSED_VARIABLE = YES;
				IPHONEOS_DEPLOYMENT_TARGET = 8.1;
				MTL_ENABLE_DEBUG_INFO = YES;
				ONLY_ACTIVE_ARCH = YES;
				SDKROOT = iphoneos;
			};
			name = Debug;
		};
		19EB2CA51A46985F0075BDBA /* Release */ = {
			isa = XCBuildConfiguration;
			buildSettings = {
				ALWAYS_SEARCH_USER_PATHS = NO;
				CLANG_CXX_LANGUAGE_STANDARD = "gnu++0x";
				CLANG_CXX_LIBRARY = "libc++";
				CLANG_ENABLE_MODULES = YES;
				CLANG_ENABLE_OBJC_ARC = YES;
				CLANG_WARN_BOOL_CONVERSION = YES;
				CLANG_WARN_CONSTANT_CONVERSION = YES;
				CLANG_WARN_DIRECT_OBJC_ISA_USAGE = YES_ERROR;
				CLANG_WARN_EMPTY_BODY = YES;
				CLANG_WARN_ENUM_CONVERSION = YES;
				CLANG_WARN_INT_CONVERSION = YES;
				CLANG_WARN_OBJC_ROOT_CLASS = YES_ERROR;
				CLANG_WARN_UNREACHABLE_CODE = YES;
				CLANG_WARN__DUPLICATE_METHOD_MATCH = YES;
				"CODE_SIGN_IDENTITY[sdk=iphoneos*]" = "iPhone Developer";
				COPY_PHASE_STRIP = YES;
				ENABLE_NS_ASSERTIONS = NO;
				ENABLE_STRICT_OBJC_MSGSEND = YES;
				GCC_C_LANGUAGE_STANDARD = gnu99;
				GCC_WARN_64_TO_32_BIT_CONVERSION = YES;
				GCC_WARN_ABOUT_RETURN_TYPE = YES_ERROR;
				GCC_WARN_UNDECLARED_SELECTOR = YES;
				GCC_WARN_UNINITIALIZED_AUTOS = YES_AGGRESSIVE;
				GCC_WARN_UNUSED_FUNCTION = YES;
				GCC_WARN_UNUSED_VARIABLE = YES;
				IPHONEOS_DEPLOYMENT_TARGET = 8.1;
				MTL_ENABLE_DEBUG_INFO = NO;
				SDKROOT = iphoneos;
				VALIDATE_PRODUCT = YES;
			};
			name = Release;
		};
		19EB2CA71A46985F0075BDBA /* Debug */ = {
			isa = XCBuildConfiguration;
			buildSettings = {
				ASSETCATALOG_COMPILER_APPICON_NAME = AppIcon;
				INFOPLIST_FILE = JumpRope/Info.plist;
				LD_RUNPATH_SEARCH_PATHS = "$(inherited) @executable_path/Frameworks";
				PRODUCT_NAME = "$(TARGET_NAME)";
			};
			name = Debug;
		};
		19EB2CA81A46985F0075BDBA /* Release */ = {
			isa = XCBuildConfiguration;
			buildSettings = {
				ASSETCATALOG_COMPILER_APPICON_NAME = AppIcon;
				INFOPLIST_FILE = JumpRope/Info.plist;
				LD_RUNPATH_SEARCH_PATHS = "$(inherited) @executable_path/Frameworks";
				PRODUCT_NAME = "$(TARGET_NAME)";
			};
			name = Release;
		};
		19EB2CAA1A46985F0075BDBA /* Debug */ = {
			isa = XCBuildConfiguration;
			buildSettings = {
				BUNDLE_LOADER = "$(TEST_HOST)";
				FRAMEWORK_SEARCH_PATHS = (
					"$(SDKROOT)/Developer/Library/Frameworks",
					"$(inherited)",
				);
				GCC_PREPROCESSOR_DEFINITIONS = (
					"DEBUG=1",
					"$(inherited)",
				);
				INFOPLIST_FILE = JumpRopeTests/Info.plist;
				LD_RUNPATH_SEARCH_PATHS = "$(inherited) @executable_path/Frameworks @loader_path/Frameworks";
				PRODUCT_NAME = "$(TARGET_NAME)";
				TEST_HOST = "$(BUILT_PRODUCTS_DIR)/JumpRope.app/JumpRope";
			};
			name = Debug;
		};
		19EB2CAB1A46985F0075BDBA /* Release */ = {
			isa = XCBuildConfiguration;
			buildSettings = {
				BUNDLE_LOADER = "$(TEST_HOST)";
				FRAMEWORK_SEARCH_PATHS = (
					"$(SDKROOT)/Developer/Library/Frameworks",
					"$(inherited)",
				);
				INFOPLIST_FILE = JumpRopeTests/Info.plist;
				LD_RUNPATH_SEARCH_PATHS = "$(inherited) @executable_path/Frameworks @loader_path/Frameworks";
				PRODUCT_NAME = "$(TARGET_NAME)";
				TEST_HOST = "$(BUILT_PRODUCTS_DIR)/JumpRope.app/JumpRope";
			};
			name = Release;
		};
/* End XCBuildConfiguration section */

/* Begin XCConfigurationList section */
		19EB2C791A46985F0075BDBA /* Build configuration list for PBXProject "JumpRope" */ = {
			isa = XCConfigurationList;
			buildConfigurations = (
				19EB2CA41A46985F0075BDBA /* Debug */,
				19EB2CA51A46985F0075BDBA /* Release */,
			);
			defaultConfigurationIsVisible = 0;
			defaultConfigurationName = Release;
		};
		19EB2CA61A46985F0075BDBA /* Build configuration list for PBXNativeTarget "JumpRope" */ = {
			isa = XCConfigurationList;
			buildConfigurations = (
				19EB2CA71A46985F0075BDBA /* Debug */,
				19EB2CA81A46985F0075BDBA /* Release */,
			);
			defaultConfigurationIsVisible = 0;
		};
		19EB2CA91A46985F0075BDBA /* Build configuration list for PBXNativeTarget "JumpRopeTests" */ = {
			isa = XCConfigurationList;
			buildConfigurations = (
				19EB2CAA1A46985F0075BDBA /* Debug */,
				19EB2CAB1A46985F0075BDBA /* Release */,
			);
			defaultConfigurationIsVisible = 0;
		};
/* End XCConfigurationList section */
	};
	rootObject = 19EB2C761A46985F0075BDBA /* Project object */;
}
